
Microsoft Visual Studio Solution File, Format Version 12.00
# Visual Studio Version 16
VisualStudioVersion = 16.0.31424.327
MinimumVisualStudioVersion = 10.0.40219.1
Project("{9A19103F-16F7-4668-BE54-9A1E7A4F7556}") = "Vibe.Exemplo.WebApi", "Vibe.Exemplo.WebApi\Vibe.Exemplo.WebApi.csproj", "{8C3447CD-DA54-4A86-A3D6-280B83EB44B9}"
EndProject
Project("{9A19103F-16F7-4668-BE54-9A1E7A4F7556}") = "Vibe.Transporte.Core", "Vibe.Transporte.Core\Vibe.Transporte.Core.csproj", "{F0A58ED7-E4D5-46D3-94C5-309BE27D3223}"
EndProject
Global
	GlobalSection(SolutionConfigurationPlatforms) = preSolution
		Debug|Any CPU = Debug|Any CPU
		Release|Any CPU = Release|Any CPU
	EndGlobalSection
	GlobalSection(ProjectConfigurationPlatforms) = postSolution
		{8C3447CD-DA54-4A86-A3D6-280B83EB44B9}.Debug|Any CPU.ActiveCfg = Debug|Any CPU
		{8C3447CD-DA54-4A86-A3D6-280B83EB44B9}.Debug|Any CPU.Build.0 = Debug|Any CPU
		{8C3447CD-DA54-4A86-A3D6-280B83EB44B9}.Release|Any CPU.ActiveCfg = Release|Any CPU
		{8C3447CD-DA54-4A86-A3D6-280B83EB44B9}.Release|Any CPU.Build.0 = Release|Any CPU
		{F0A58ED7-E4D5-46D3-94C5-309BE27D3223}.Debug|Any CPU.ActiveCfg = Debug|Any CPU
		{F0A58ED7-E4D5-46D3-94C5-309BE27D3223}.Debug|Any CPU.Build.0 = Debug|Any CPU
		{F0A58ED7-E4D5-46D3-94C5-309BE27D3223}.Release|Any CPU.ActiveCfg = Release|Any CPU
		{F0A58ED7-E4D5-46D3-94C5-309BE27D3223}.Release|Any CPU.Build.0 = Release|Any CPU
	EndGlobalSection
	GlobalSection(SolutionProperties) = preSolution
		HideSolutionNode = FALSE
	EndGlobalSection
	GlobalSection(ExtensibilityGlobals) = postSolution
		SolutionGuid = {FBFD9643-30AB-4BEF-83E0-07BAA88CE013}
	EndGlobalSection
EndGlobal
